
Microsoft Visual Studio Solution File, Format Version 12.00
# Visual Studio Version 17
VisualStudioVersion = 17.7.34024.191
MinimumVisualStudioVersion = 10.0.40219.1
Project("{FAE04EC0-301F-11D3-BF4B-00C04F79EFBC}") = "KartenSpiel", "KartenSpiel.csproj", "{ABAE1876-C9BE-4852-A7B1-41A7997EC6C5}"
EndProject
Global
	GlobalSection(SolutionConfigurationPlatforms) = preSolution
		Debug|Any CPU = Debug|Any CPU
		Release|Any CPU = Release|Any CPU
	EndGlobalSection
	GlobalSection(ProjectConfigurationPlatforms) = postSolution
		{ABAE1876-C9BE-4852-A7B1-41A7997EC6C5}.Debug|Any CPU.ActiveCfg = Debug|Any CPU
		{ABAE1876-C9BE-4852-A7B1-41A7997EC6C5}.Debug|Any CPU.Build.0 = Debug|Any CPU
		{ABAE1876-C9BE-4852-A7B1-41A7997EC6C5}.Release|Any CPU.ActiveCfg = Release|Any CPU
		{ABAE1876-C9BE-4852-A7B1-41A7997EC6C5}.Release|Any CPU.Build.0 = Release|Any CPU
	EndGlobalSection
	GlobalSection(SolutionProperties) = preSolution
		HideSolutionNode = FALSE
	EndGlobalSection
	GlobalSection(ExtensibilityGlobals) = postSolution
		SolutionGuid = {66008330-2302-4146-9402-B1E2390D6EB1}
	EndGlobalSection
EndGlobal
